PODS:
  - CountryPickerView (3.3.0)
  - DPOTPView (1.5.12)
  - IQKeyboardManagerSwift (7.1.1)

DEPENDENCIES:
  - CountryPickerView
  - DPOTPView
  - IQKeyboardManagerSwift

SPEC REPOS:
  trunk:
    - CountryPickerView
    - DPOTPView
    - IQKeyboardManagerSwift

SPEC CHECKSUMS:
  CountryPickerView: 6322ada32a80b0cd721b0267282a5c24f406f263
  DPOTPView: 28d8a0a84a2ff4b1e4a7712065aba1cbb14e2704
  IQKeyboardManagerSwift: d7f3d3a562c237a0e7335e657cd598c452f57f1b

PODFILE CHECKSUM: 2aed4f28dada13e51042889fb43c874ec6ca4b71

COCOAPODS: 1.16.2
